
Microsoft Visual Studio Solution File, Format Version 12.00
# Visual Studio 2013
VisualStudioVersion = 12.0.31101.0
MinimumVisualStudioVersion = 10.0.40219.1
Project("{FAE04EC0-301F-11D3-BF4B-00C04F79EFBC}") = "GithubSearcher.API", "GithubSearcher.API\GithubSearcher.API.csproj", "{66D76B90-569C-4ACA-8578-7136DE7C8CC5}"
EndProject
Project("{FAE04EC0-301F-11D3-BF4B-00C04F79EFBC}") = "ConsoleApplication1", "ConsoleApplication1\ConsoleApplication1.csproj", "{5E54C46B-D630-4B0B-9850-2AFDED1A415E}"
EndProject
Project("{FAE04EC0-301F-11D3-BF4B-00C04F79EFBC}") = "GithubApiSearcher2", "GithubApiSearcher2\GithubApiSearcher2.csproj", "{1B058D27-9A62-42E3-8009-F1029F9FC789}"
EndProject
Global
	GlobalSection(SolutionConfigurationPlatforms) = preSolution
		Debug|Any CPU = Debug|Any CPU
		Release|Any CPU = Release|Any CPU
	EndGlobalSection
	GlobalSection(ProjectConfigurationPlatforms) = postSolution
		{66D76B90-569C-4ACA-8578-7136DE7C8CC5}.Debug|Any CPU.ActiveCfg = Debug|Any CPU
		{66D76B90-569C-4ACA-8578-7136DE7C8CC5}.Debug|Any CPU.Build.0 = Debug|Any CPU
		{66D76B90-569C-4ACA-8578-7136DE7C8CC5}.Release|Any CPU.ActiveCfg = Release|Any CPU
		{66D76B90-569C-4ACA-8578-7136DE7C8CC5}.Release|Any CPU.Build.0 = Release|Any CPU
		{5E54C46B-D630-4B0B-9850-2AFDED1A415E}.Debug|Any CPU.ActiveCfg = Debug|Any CPU
		{5E54C46B-D630-4B0B-9850-2AFDED1A415E}.Debug|Any CPU.Build.0 = Debug|Any CPU
		{5E54C46B-D630-4B0B-9850-2AFDED1A415E}.Release|Any CPU.ActiveCfg = Release|Any CPU
		{5E54C46B-D630-4B0B-9850-2AFDED1A415E}.Release|Any CPU.Build.0 = Release|Any CPU
		{1B058D27-9A62-42E3-8009-F1029F9FC789}.Debug|Any CPU.ActiveCfg = Debug|Any CPU
		{1B058D27-9A62-42E3-8009-F1029F9FC789}.Debug|Any CPU.Build.0 = Debug|Any CPU
		{1B058D27-9A62-42E3-8009-F1029F9FC789}.Release|Any CPU.ActiveCfg = Release|Any CPU
		{1B058D27-9A62-42E3-8009-F1029F9FC789}.Release|Any CPU.Build.0 = Release|Any CPU
	EndGlobalSection
	GlobalSection(SolutionProperties) = preSolution
		HideSolutionNode = FALSE
	EndGlobalSection
EndGlobal
